// !$*UTF8*$!
{
	archiveVersion = 1;
	classes = {
	};
	objectVersion = 46;
	objects = {

/* Begin PBXBuildFile section */
		2C2EE6181F292E94004E9C94 /* AppDelegate.swift in Sources */ = {isa = PBXBuildFile; fileRef = 2C2EE6171F292E94004E9C94 /* AppDelegate.swift */; };
		2C2EE61A1F292E94004E9C94 /* TestViewController.swift in Sources */ = {isa = PBXBuildFile; fileRef = 2C2EE6191F292E94004E9C94 /* TestViewController.swift */; };
		2C2EE61C1F292E94004E9C94 /* TrainViewController.swift in Sources */ = {isa = PBXBuildFile; fileRef = 2C2EE61B1F292E94004E9C94 /* TrainViewController.swift */; };
		2C2EE61F1F292E94004E9C94 /* Main.storyboard in Resources */ = {isa = PBXBuildFile; fileRef = 2C2EE61D1F292E94004E9C94 /* Main.storyboard */; };
		2C2EE6211F292E94004E9C94 /* Assets.xcassets in Resources */ = {isa = PBXBuildFile; fileRef = 2C2EE6201F292E94004E9C94 /* Assets.xcassets */; };
		2C2EE6241F292E94004E9C94 /* LaunchScreen.storyboard in Resources */ = {isa = PBXBuildFile; fileRef = 2C2EE6221F292E94004E9C94 /* LaunchScreen.storyboard */; };
		2C2EE62C1F293426004E9C94 /* CanvasView.swift in Sources */ = {isa = PBXBuildFile; fileRef = 2C2EE62B1F293426004E9C94 /* CanvasView.swift */; };
		2C2EE6381F2AC936004E9C94 /* FCNeuralNetwork.swift in Sources */ = {isa = PBXBuildFile; fileRef = 2C2EE6371F2AC936004E9C94 /* FCNeuralNetwork.swift */; };
		2C2EE6441F2ADE61004E9C94 /* Digit_RecognitionTests.swift in Sources */ = {isa = PBXBuildFile; fileRef = 2C2EE6431F2ADE61004E9C94 /* Digit_RecognitionTests.swift */; };
		2C2EE64C1F2BBE31004E9C94 /* CanvasViewDelegate.swift in Sources */ = {isa = PBXBuildFile; fileRef = 2C2EE64B1F2BBE31004E9C94 /* CanvasViewDelegate.swift */; };
		2C2EE64E1F2D3031004E9C94 /* NeuralNetworkDelegate.swift in Sources */ = {isa = PBXBuildFile; fileRef = 2C2EE64D1F2D3031004E9C94 /* NeuralNetworkDelegate.swift */; };
/* End PBXBuildFile section */

/* Begin PBXContainerItemProxy section */
		2C2EE6461F2ADE61004E9C94 /* PBXContainerItemProxy */ = {
			isa = PBXContainerItemProxy;
			containerPortal = 2C2EE60C1F292E94004E9C94 /* Project object */;
			proxyType = 1;
			remoteGlobalIDString = 2C2EE6131F292E94004E9C94;
			remoteInfo = "Digit Recognition";
		};
/* End PBXContainerItemProxy section */

/* Begin PBXFileReference section */
		2C2EE6141F292E94004E9C94 /* Digit Recognition.app */ = {isa = PBXFileReference; explicitFileType = wrapper.application; includeInIndex = 0; path = "Digit Recognition.app"; sourceTree = BUILT_PRODUCTS_DIR; };
		2C2EE6171F292E94004E9C94 /* AppDelegate.swift */ = {isa = PBXFileReference; lastKnownFileType = sourcecode.swift; path = AppDelegate.swift; sourceTree = "<group>"; };
		2C2EE6191F292E94004E9C94 /* TestViewController.swift */ = {isa = PBXFileReference; lastKnownFileType = sourcecode.swift; path = TestViewController.swift; sourceTree = "<group>"; };
		2C2EE61B1F292E94004E9C94 /* TrainViewController.swift */ = {isa = PBXFileReference; lastKnownFileType = sourcecode.swift; path = TrainViewController.swift; sourceTree = "<group>"; };
		2C2EE61E1F292E94004E9C94 /* Base */ = {isa = PBXFileReference; lastKnownFileType = file.storyboard; name = Base; path = Base.lproj/Main.storyboard; sourceTree = "<group>"; };
		2C2EE6201F292E94004E9C94 /* Assets.xcassets */ = {isa = PBXFileReference; lastKnownFileType = folder.assetcatalog; path = Assets.xcassets; sourceTree = "<group>"; };
		2C2EE6231F292E94004E9C94 /* Base */ = {isa = PBXFileReference; lastKnownFileType = file.storyboard; name = Base; path = Base.lproj/LaunchScreen.storyboard; sourceTree = "<group>"; };
		2C2EE6251F292E94004E9C94 /* Info.plist */ = {isa = PBXFileReference; lastKnownFileType = text.plist.xml; path = Info.plist; sourceTree = "<group>"; };
		2C2EE62B1F293426004E9C94 /* CanvasView.swift */ = {isa = PBXFileReference; fileEncoding = 4; lastKnownFileType = sourcecode.swift; path = CanvasView.swift; sourceTree = "<group>"; };
		2C2EE6371F2AC936004E9C94 /* FCNeuralNetwork.swift */ = {isa = PBXFileReference; fileEncoding = 4; lastKnownFileType = sourcecode.swift; path = FCNeuralNetwork.swift; sourceTree = "<group>"; };
		2C2EE6411F2ADE61004E9C94 /* Digit RecognitionTests.xctest */ = {isa = PBXFileReference; explicitFileType = wrapper.cfbundle; includeInIndex = 0; path = "Digit RecognitionTests.xctest"; sourceTree = BUILT_PRODUCTS_DIR; };
		2C2EE6431F2ADE61004E9C94 /* Digit_RecognitionTests.swift */ = {isa = PBXFileReference; lastKnownFileType = sourcecode.swift; path = Digit_RecognitionTests.swift; sourceTree = "<group>"; };
		2C2EE6451F2ADE61004E9C94 /* Info.plist */ = {isa = PBXFileReference; lastKnownFileType = text.plist.xml; path = Info.plist; sourceTree = "<group>"; };
		2C2EE64B1F2BBE31004E9C94 /* CanvasViewDelegate.swift */ = {isa = PBXFileReference; fileEncoding = 4; lastKnownFileType = sourcecode.swift; path = CanvasViewDelegate.swift; sourceTree = "<group>"; };
		2C2EE64D1F2D3031004E9C94 /* NeuralNetworkDelegate.swift */ = {isa = PBXFileReference; fileEncoding = 4; lastKnownFileType = sourcecode.swift; path = NeuralNetworkDelegate.swift; sourceTree = "<group>"; };
/* End PBXFileReference section */

/* Begin PBXFrameworksBuildPhase section */
		2C2EE6111F292E94004E9C94 /* Frameworks */ = {
			isa = PBXFrameworksBuildPhase;
			buildActionMask = 2147483647;
			files = (
			);
			runOnlyForDeploymentPostprocessing = 0;
		};
		2C2EE63E1F2ADE61004E9C94 /* Frameworks */ = {
			isa = PBXFrameworksBuildPhase;
			buildActionMask = 2147483647;
			files = (
			);
			runOnlyForDeploymentPostprocessing = 0;
		};
/* End PBXFrameworksBuildPhase section */

/* Begin PBXGroup section */
		2C2EE60B1F292E94004E9C94 = {
			isa = PBXGroup;
			children = (
				2C2EE6161F292E94004E9C94 /* Digit Recognition */,
				2C2EE6421F2ADE61004E9C94 /* Digit RecognitionTests */,
				2C2EE6151F292E94004E9C94 /* Products */,
			);
			sourceTree = "<group>";
		};
		2C2EE6151F292E94004E9C94 /* Products */ = {
			isa = PBXGroup;
			children = (
				2C2EE6141F292E94004E9C94 /* Digit Recognition.app */,
				2C2EE6411F2ADE61004E9C94 /* Digit RecognitionTests.xctest */,
			);
			name = Products;
			sourceTree = "<group>";
		};
		2C2EE6161F292E94004E9C94 /* Digit Recognition */ = {
			isa = PBXGroup;
			children = (
				2C2EE6171F292E94004E9C94 /* AppDelegate.swift */,
				2C2EE6371F2AC936004E9C94 /* FCNeuralNetwork.swift */,
				2C2EE64D1F2D3031004E9C94 /* NeuralNetworkDelegate.swift */,
				2C2EE6191F292E94004E9C94 /* TestViewController.swift */,
				2C2EE61B1F292E94004E9C94 /* TrainViewController.swift */,
				2C2EE62B1F293426004E9C94 /* CanvasView.swift */,
				2C2EE64B1F2BBE31004E9C94 /* CanvasViewDelegate.swift */,
				2C2EE61D1F292E94004E9C94 /* Main.storyboard */,
				2C2EE6201F292E94004E9C94 /* Assets.xcassets */,
				2C2EE6221F292E94004E9C94 /* LaunchScreen.storyboard */,
				2C2EE6251F292E94004E9C94 /* Info.plist */,
			);
			path = "Digit Recognition";
			sourceTree = "<group>";
		};
		2C2EE6421F2ADE61004E9C94 /* Digit RecognitionTests */ = {
			isa = PBXGroup;
			children = (
				2C2EE6431F2ADE61004E9C94 /* Digit_RecognitionTests.swift */,
				2C2EE6451F2ADE61004E9C94 /* Info.plist */,
			);
			path = "Digit RecognitionTests";
			sourceTree = "<group>";
		};
/* End PBXGroup section */

/* Begin PBXNativeTarget section */
		2C2EE6131F292E94004E9C94 /* Digit Recognition */ = {
			isa = PBXNativeTarget;
			buildConfigurationList = 2C2EE6281F292E94004E9C94 /* Build configuration list for PBXNativeTarget "Digit Recognition" */;
			buildPhases = (
				2C2EE6101F292E94004E9C94 /* Sources */,
				2C2EE6111F292E94004E9C94 /* Frameworks */,
				2C2EE6121F292E94004E9C94 /* Resources */,
			);
			buildRules = (
			);
			dependencies = (
			);
			name = "Digit Recognition";
			productName = "Digit Recognition";
			productReference = 2C2EE6141F292E94004E9C94 /* Digit Recognition.app */;
			productType = "com.apple.product-type.application";
		};
		2C2EE6401F2ADE61004E9C94 /* Digit RecognitionTests */ = {
			isa = PBXNativeTarget;
			buildConfigurationList = 2C2EE6481F2ADE61004E9C94 /* Build configuration list for PBXNativeTarget "Digit RecognitionTests" */;
			buildPhases = (
				2C2EE63D1F2ADE61004E9C94 /* Sources */,
				2C2EE63E1F2ADE61004E9C94 /* Frameworks */,
				2C2EE63F1F2ADE61004E9C94 /* Resources */,
			);
			buildRules = (
			);
			dependencies = (
				2C2EE6471F2ADE61004E9C94 /* PBXTargetDependency */,
			);
			name = "Digit RecognitionTests";
			productName = "Digit RecognitionTests";
			productReference = 2C2EE6411F2ADE61004E9C94 /* Digit RecognitionTests.xctest */;
			productType = "com.apple.product-type.bundle.unit-test";
		};
/* End PBXNativeTarget section */

/* Begin PBXProject section */
		2C2EE60C1F292E94004E9C94 /* Project object */ = {
			isa = PBXProject;
			attributes = {
				LastSwiftUpdateCheck = 0830;
				LastUpgradeCheck = 0830;
				ORGANIZATIONNAME = "Eddie Huang";
				TargetAttributes = {
					2C2EE6131F292E94004E9C94 = {
						CreatedOnToolsVersion = 8.3.3;
						DevelopmentTeam = CNVS5VG567;
						ProvisioningStyle = Automatic;
					};
					2C2EE6401F2ADE61004E9C94 = {
						CreatedOnToolsVersion = 8.3.3;
						DevelopmentTeam = CNVS5VG567;
						ProvisioningStyle = Automatic;
						TestTargetID = 2C2EE6131F292E94004E9C94;
					};
				};
			};
			buildConfigurationList = 2C2EE60F1F292E94004E9C94 /* Build configuration list for PBXProject "Digit Recognition" */;
			compatibilityVersion = "Xcode 3.2";
			developmentRegion = English;
			hasScannedForEncodings = 0;
			knownRegions = (
				en,
				Base,
			);
			mainGroup = 2C2EE60B1F292E94004E9C94;
			productRefGroup = 2C2EE6151F292E94004E9C94 /* Products */;
			projectDirPath = "";
			projectRoot = "";
			targets = (
				2C2EE6131F292E94004E9C94 /* Digit Recognition */,
				2C2EE6401F2ADE61004E9C94 /* Digit RecognitionTests */,
			);
		};
/* End PBXProject section */

/* Begin PBXResourcesBuildPhase section */
		2C2EE6121F292E94004E9C94 /* Resources */ = {
			isa = PBXResourcesBuildPhase;
			buildActionMask = 2147483647;
			files = (
				2C2EE6241F292E94004E9C94 /* LaunchScreen.storyboard in Resources */,
				2C2EE6211F292E94004E9C94 /* Assets.xcassets in Resources */,
				2C2EE61F1F292E94004E9C94 /* Main.storyboard in Resources */,
			);
			runOnlyForDeploymentPostprocessing = 0;
		};
		2C2EE63F1F2ADE61004E9C94 /* Resources */ = {
			isa = PBXResourcesBuildPhase;
			buildActionMask = 2147483647;
			files = (
			);
			runOnlyForDeploymentPostprocessing = 0;
		};
/* End PBXResourcesBuildPhase section */

/* Begin PBXSourcesBuildPhase section */
		2C2EE6101F292E94004E9C94 /* Sources */ = {
			isa = PBXSourcesBuildPhase;
			buildActionMask = 2147483647;
			files = (
				2C2EE64C1F2BBE31004E9C94 /* CanvasViewDelegate.swift in Sources */,
				2C2EE61C1F292E94004E9C94 /* TrainViewController.swift in Sources */,
				2C2EE64E1F2D3031004E9C94 /* NeuralNetworkDelegate.swift in Sources */,
				2C2EE6181F292E94004E9C94 /* AppDelegate.swift in Sources */,
				2C2EE62C1F293426004E9C94 /* CanvasView.swift in Sources */,
				2C2EE61A1F292E94004E9C94 /* TestViewController.swift in Sources */,
				2C2EE6381F2AC936004E9C94 /* FCNeuralNetwork.swift in Sources */,
			);
			runOnlyForDeploymentPostprocessing = 0;
		};
		2C2EE63D1F2ADE61004E9C94 /* Sources */ = {
			isa = PBXSourcesBuildPhase;
			buildActionMask = 2147483647;
			files = (
				2C2EE6441F2ADE61004E9C94 /* Digit_RecognitionTests.swift in Sources */,
			);
			runOnlyForDeploymentPostprocessing = 0;
		};
/* End PBXSourcesBuildPhase section */

/* Begin PBXTargetDependency section */
		2C2EE6471F2ADE61004E9C94 /* PBXTargetDependency */ = {
			isa = PBXTargetDependency;
			target = 2C2EE6131F292E94004E9C94 /* Digit Recognition */;
			targetProxy = 2C2EE6461F2ADE61004E9C94 /* PBXContainerItemProxy */;
		};
/* End PBXTargetDependency section */

/* Begin PBXVariantGroup section */
		2C2EE61D1F292E94004E9C94 /* Main.storyboard */ = {
			isa = PBXVariantGroup;
			children = (
				2C2EE61E1F292E94004E9C94 /* Base */,
			);
			name = Main.storyboard;
			sourceTree = "<group>";
		};
		2C2EE6221F292E94004E9C94 /* LaunchScreen.storyboard */ = {
			isa = PBXVariantGroup;
			children = (
				2C2EE6231F292E94004E9C94 /* Base */,
			);
			name = LaunchScreen.storyboard;
			sourceTree = "<group>";
		};
/* End PBXVariantGroup section */

/* Begin XCBuildConfiguration section */
		2C2EE6261F292E94004E9C94 /* Debug */ = {
			isa = XCBuildConfiguration;
			buildSettings = {
				ALWAYS_SEARCH_USER_PATHS = NO;
				CLANG_ANALYZER_NONNULL = YES;
				CLANG_ANALYZER_NUMBER_OBJECT_CONVERSION = YES_AGGRESSIVE;
				CLANG_CXX_LANGUAGE_STANDARD = "gnu++0x";
				CLANG_CXX_LIBRARY = "libc++";
				CLANG_ENABLE_MODULES = YES;
				CLANG_ENABLE_OBJC_ARC = YES;
				CLANG_WARN_BOOL_CONVERSION = YES;
				CLANG_WARN_CONSTANT_CONVERSION = YES;
				CLANG_WARN_DIRECT_OBJC_ISA_USAGE = YES_ERROR;
				CLANG_WARN_DOCUMENTATION_COMMENTS = YES;
				CLANG_WARN_EMPTY_BODY = YES;
				CLANG_WARN_ENUM_CONVERSION = YES;
				CLANG_WARN_INFINITE_RECURSION = YES;
				CLANG_WARN_INT_CONVERSION = YES;
				CLANG_WARN_OBJC_ROOT_CLASS = YES_ERROR;
				CLANG_WARN_SUSPICIOUS_MOVE = YES;
				CLANG_WARN_UNREACHABLE_CODE = YES;
				CLANG_WARN__DUPLICATE_METHOD_MATCH = YES;
				"CODE_SIGN_IDENTITY[sdk=iphoneos*]" = "iPhone Developer";
				COPY_PHASE_STRIP = NO;
				DEBUG_INFORMATION_FORMAT = dwarf;
				ENABLE_STRICT_OBJC_MSGSEND = YES;
				ENABLE_TESTABILITY = YES;
				GCC_C_LANGUAGE_STANDARD = gnu99;
				GCC_DYNAMIC_NO_PIC = NO;
				GCC_NO_COMMON_BLOCKS = YES;
				GCC_OPTIMIZATION_LEVEL = 0;
				GCC_PREPROCESSOR_DEFINITIONS = (
					"DEBUG=1",
					"$(inherited)",
				);
				GCC_WARN_64_TO_32_BIT_CONVERSION = YES;
				GCC_WARN_ABOUT_RETURN_TYPE = YES_ERROR;
				GCC_WARN_UNDECLARED_SELECTOR = YES;
				GCC_WARN_UNINITIALIZED_AUTOS = YES_AGGRESSIVE;
				GCC_WARN_UNUSED_FUNCTION = YES;
				GCC_WARN_UNUSED_VARIABLE = YES;
				IPHONEOS_DEPLOYMENT_TARGET = 10.3;
				MTL_ENABLE_DEBUG_INFO = YES;
				ONLY_ACTIVE_ARCH = YES;
				SDKROOT = iphoneos;
				SWIFT_ACTIVE_COMPILATION_CONDITIONS = DEBUG;
				SWIFT_OPTIMIZATION_LEVEL = "-Onone";
				TARGETED_DEVICE_FAMILY = "1,2";
			};
			name = Debug;
		};
		2C2EE6271F292E94004E9C94 /* Release */ = {
			isa = XCBuildConfiguration;
			buildSettings = {
				ALWAYS_SEARCH_USER_PATHS = NO;
				CLANG_ANALYZER_NONNULL = YES;
				CLANG_ANALYZER_NUMBER_OBJECT_CONVERSION = YES_AGGRESSIVE;
				CLANG_CXX_LANGUAGE_STANDARD = "gnu++0x";
				CLANG_CXX_LIBRARY = "libc++";
				CLANG_ENABLE_MODULES = YES;
				CLANG_ENABLE_OBJC_ARC = YES;
				CLANG_WARN_BOOL_CONVERSION = YES;
				CLANG_WARN_CONSTANT_CONVERSION = YES;
				CLANG_WARN_DIRECT_OBJC_ISA_USAGE = YES_ERROR;
				CLANG_WARN_DOCUMENTATION_COMMENTS = YES;
				CLANG_WARN_EMPTY_BODY = YES;
				CLANG_WARN_ENUM_CONVERSION = YES;
				CLANG_WARN_INFINITE_RECURSION = YES;
				CLANG_WARN_INT_CONVERSION = YES;
				CLANG_WARN_OBJC_ROOT_CLASS = YES_ERROR;
				CLANG_WARN_SUSPICIOUS_MOVE = YES;
				CLANG_WARN_UNREACHABLE_CODE = YES;
				CLANG_WARN__DUPLICATE_METHOD_MATCH = YES;
				"CODE_SIGN_IDENTITY[sdk=iphoneos*]" = "iPhone Developer";
				COPY_PHASE_STRIP = NO;
				DEBUG_INFORMATION_FORMAT = "dwarf-with-dsym";
				ENABLE_NS_ASSERTIONS = NO;
				ENABLE_STRICT_OBJC_MSGSEND = YES;
				GCC_C_LANGUAGE_STANDARD = gnu99;
				GCC_NO_COMMON_BLOCKS = YES;
				GCC_WARN_64_TO_32_BIT_CONVERSION = YES;
				GCC_WARN_ABOUT_RETURN_TYPE = YES_ERROR;
				GCC_WARN_UNDECLARED_SELECTOR = YES;
				GCC_WARN_UNINITIALIZED_AUTOS = YES_AGGRESSIVE;
				GCC_WARN_UNUSED_FUNCTION = YES;
				GCC_WARN_UNUSED_VARIABLE = YES;
				IPHONEOS_DEPLOYMENT_TARGET = 10.3;
				MTL_ENABLE_DEBUG_INFO = NO;
				SDKROOT = iphoneos;
				SWIFT_OPTIMIZATION_LEVEL = "-Owholemodule";
				TARGETED_DEVICE_FAMILY = "1,2";
				VALIDATE_PRODUCT = YES;
			};
			name = Release;
		};
		2C2EE6291F292E94004E9C94 /* Debug */ = {
			isa = XCBuildConfiguration;
			buildSettings = {
				ASSETCATALOG_COMPILER_APPICON_NAME = AppIcon;
				DEVELOPMENT_TEAM = CNVS5VG567;
				INFOPLIST_FILE = "Digit Recognition/Info.plist";
				LD_RUNPATH_SEARCH_PATHS = "$(inherited) @executable_path/Frameworks";
				PRODUCT_BUNDLE_IDENTIFIER = "com.aigagror.Digit-Recognition";
				PRODUCT_NAME = "$(TARGET_NAME)";
				SWIFT_VERSION = 3.0;
			};
			name = Debug;
		};
		2C2EE62A1F292E94004E9C94 /* Release */ = {
			isa = XCBuildConfiguration;
			buildSettings = {
				ASSETCATALOG_COMPILER_APPICON_NAME = AppIcon;
				DEVELOPMENT_TEAM = CNVS5VG567;
				INFOPLIST_FILE = "Digit Recognition/Info.plist";
				LD_RUNPATH_SEARCH_PATHS = "$(inherited) @executable_path/Frameworks";
				PRODUCT_BUNDLE_IDENTIFIER = "com.aigagror.Digit-Recognition";
				PRODUCT_NAME = "$(TARGET_NAME)";
				SWIFT_VERSION = 3.0;
			};
			name = Release;
		};
		2C2EE6491F2ADE61004E9C94 /* Debug */ = {
			isa = XCBuildConfiguration;
			buildSettings = {
				BUNDLE_LOADER = "$(TEST_HOST)";
				DEVELOPMENT_TEAM = CNVS5VG567;
				INFOPLIST_FILE = "Digit RecognitionTests/Info.plist";
				LD_RUNPATH_SEARCH_PATHS = "$(inherited) @executable_path/Frameworks @loader_path/Frameworks";
				PRODUCT_BUNDLE_IDENTIFIER = "com.aigagror.Digit-RecognitionTests";
				PRODUCT_NAME = "$(TARGET_NAME)";
				SWIFT_VERSION = 3.0;
				TEST_HOST = "$(BUILT_PRODUCTS_DIR)/Digit Recognition.app/Digit Recognition";
			};
			name = Debug;
		};
		2C2EE64A1F2ADE61004E9C94 /* Release */ = {
			isa = XCBuildConfiguration;
			buildSettings = {
				BUNDLE_LOADER = "$(TEST_HOST)";
				DEVELOPMENT_TEAM = CNVS5VG567;
				INFOPLIST_FILE = "Digit RecognitionTests/Info.plist";
				LD_RUNPATH_SEARCH_PATHS = "$(inherited) @executable_path/Frameworks @loader_path/Frameworks";
				PRODUCT_BUNDLE_IDENTIFIER = "com.aigagror.Digit-RecognitionTests";
				PRODUCT_NAME = "$(TARGET_NAME)";
				SWIFT_VERSION = 3.0;
				TEST_HOST = "$(BUILT_PRODUCTS_DIR)/Digit Recognition.app/Digit Recognition";
			};
			name = Release;
		};
/* End XCBuildConfiguration section */

/* Begin XCConfigurationList section */
		2C2EE60F1F292E94004E9C94 /* Build configuration list for PBXProject "Digit Recognition" */ = {
			isa = XCConfigurationList;
			buildConfigurations = (
				2C2EE6261F292E94004E9C94 /* Debug */,
				2C2EE6271F292E94004E9C94 /* Release */,
			);
			defaultConfigurationIsVisible = 0;
			defaultConfigurationName = Release;
		};
		2C2EE6281F292E94004E9C94 /* Build configuration list for PBXNativeTarget "Digit Recognition" */ = {
			isa = XCConfigurationList;
			buildConfigurations = (
				2C2EE6291F292E94004E9C94 /* Debug */,
				2C2EE62A1F292E94004E9C94 /* Release */,
			);
			defaultConfigurationIsVisible = 0;
			defaultConfigurationName = Release;
		};
		2C2EE6481F2ADE61004E9C94 /* Build configuration list for PBXNativeTarget "Digit RecognitionTests" */ = {
			isa = XCConfigurationList;
			buildConfigurations = (
				2C2EE6491F2ADE61004E9C94 /* Debug */,
				2C2EE64A1F2ADE61004E9C94 /* Release */,
			);
			defaultConfigurationIsVisible = 0;
			defaultConfigurationName = Release;
		};
/* End XCConfigurationList section */
	};
	rootObject = 2C2EE60C1F292E94004E9C94 /* Project object */;
}
